
Microsoft Visual Studio Solution File, Format Version 12.00
# Visual Studio Version 16
VisualStudioVersion = 16.0.29920.165
MinimumVisualStudioVersion = 10.0.40219.1
Project("{FAE04EC0-301F-11D3-BF4B-00C04F79EFBC}") = "tehtava12", "tehtava12\tehtava12.csproj", "{A01397BA-F479-4455-9920-F77EBF30318B}"
EndProject
Global
	GlobalSection(SolutionConfigurationPlatforms) = preSolution
		Debug|Any CPU = Debug|Any CPU
		Release|Any CPU = Release|Any CPU
	EndGlobalSection
	GlobalSection(ProjectConfigurationPlatforms) = postSolution
		{A01397BA-F479-4455-9920-F77EBF30318B}.Debug|Any CPU.ActiveCfg = Debug|Any CPU
		{A01397BA-F479-4455-9920-F77EBF30318B}.Debug|Any CPU.Build.0 = Debug|Any CPU
		{A01397BA-F479-4455-9920-F77EBF30318B}.Release|Any CPU.ActiveCfg = Release|Any CPU
		{A01397BA-F479-4455-9920-F77EBF30318B}.Release|Any CPU.Build.0 = Release|Any CPU
	EndGlobalSection
	GlobalSection(SolutionProperties) = preSolution
		HideSolutionNode = FALSE
	EndGlobalSection
	GlobalSection(ExtensibilityGlobals) = postSolution
		SolutionGuid = {030B75FF-EE54-4E09-9E9F-AA7654CDE46F}
	EndGlobalSection
EndGlobal
